# THIS IS AN AUTOGENERATED FILE. DO NOT EDIT THIS FILE DIRECTLY.
# yarn lockfile v1


"@types/node@^17.0.21":
  "integrity" "sha512-8FwbVoG4fy+ykY86XCAclKZDORttqE5/s7dyWZKLXTdv3vRy5HozBEinG5IqhvPXXzIZEcTVbuHlQEI6iuwcmw=="
  "resolved" "https://registry.npmjs.org/@types/node/-/node-17.0.22.tgz"
  "version" "17.0.22"

"axios@^0.26.1":
  "integrity" "sha512-fPwcX4EvnSHuInCMItEhAGnaSEXRBjtzh9fOtsE6E1G6p7vl7edEeZe11QHf18+6+9gR5PbKV/sGKNaD8YaMeA=="
  "resolved" "https://registry.npmjs.org/axios/-/axios-0.26.1.tgz"
  "version" "0.26.1"
  dependencies:
    "follow-redirects" "^1.14.8"

"dotenv@^16.0.0":
  "integrity" "sha512-qD9WU0MPM4SWLPJy/r2Be+2WgQj8plChsyrCNQzW/0WjvcJQiKQJ9mH3ZgB3fxbUUxgc/11ZJ0Fi5KiimWGz2Q=="
  "resolved" "https://registry.npmjs.org/dotenv/-/dotenv-16.0.0.tgz"
  "version" "16.0.0"

"follow-redirects@^1.14.8":
  "integrity" "sha512-MQDfihBQYMcyy5dhRDJUHcw7lb2Pv/TuE6xP1vyraLukNDHKbDxDNaOE3NbCAdKQApno+GPRyo1YAp89yCjK4w=="
  "resolved" "https://registry.npmjs.org/follow-redirects/-/follow-redirects-1.14.9.tgz"
  "version" "1.14.9"
